// !$*UTF8*$!
{
	archiveVersion = 1;
	classes = {
	};
	objectVersion = 46;
	objects = {

/* Begin PBXBuildFile section */
		0791D85C1C1CB7C400E52B7B /* SystemConfiguration.framework in Frameworks */ = {isa = PBXBuildFile; fileRef = 0791D85B1C1CB7C400E52B7B /* SystemConfiguration.framework */; };
		0791D85E1C1CB7E300E52B7B /* libsqlite3.0.tbd in Frameworks */ = {isa = PBXBuildFile; fileRef = 0791D85D1C1CB7E300E52B7B /* libsqlite3.0.tbd */; };
		0791D8601C1CB7F000E52B7B /* libz.tbd in Frameworks */ = {isa = PBXBuildFile; fileRef = 0791D85F1C1CB7F000E52B7B /* libz.tbd */; };
		0791D8621C1CB8AF00E52B7B /* libc++.tbd in Frameworks */ = {isa = PBXBuildFile; fileRef = 0791D8611C1CB8AF00E52B7B /* libc++.tbd */; };
		0791D8641C1CB8F700E52B7B /* CoreTelephony.framework in Frameworks */ = {isa = PBXBuildFile; fileRef = 0791D8631C1CB8F700E52B7B /* CoreTelephony.framework */; };
		0791D8661C1CB98B00E52B7B /* main.m in Sources */ = {isa = PBXBuildFile; fileRef = 0791D8651C1CB98B00E52B7B /* main.m */; };
		07C8D1D71C0CB10C004949F6 /* AppDelegate.m in Sources */ = {isa = PBXBuildFile; fileRef = 07C8D1D61C0CB10C004949F6 /* AppDelegate.m */; };
		07C8D1DA1C0CB10C004949F6 /* ViewController.m in Sources */ = {isa = PBXBuildFile; fileRef = 07C8D1D91C0CB10C004949F6 /* ViewController.m */; };
		07C8D1DD1C0CB10C004949F6 /* Main.storyboard in Resources */ = {isa = PBXBuildFile; fileRef = 07C8D1DB1C0CB10C004949F6 /* Main.storyboard */; };
		07C8D1DF1C0CB10C004949F6 /* Assets.xcassets in Resources */ = {isa = PBXBuildFile; fileRef = 07C8D1DE1C0CB10C004949F6 /* Assets.xcassets */; };
		07C8D1E21C0CB10C004949F6 /* LaunchScreen.storyboard in Resources */ = {isa = PBXBuildFile; fileRef = 07C8D1E01C0CB10C004949F6 /* LaunchScreen.storyboard */; };
		07C8D1ED1C0CB10C004949F6 /* gymnoteTests.m in Sources */ = {isa = PBXBuildFile; fileRef = 07C8D1EC1C0CB10C004949F6 /* gymnoteTests.m */; };
		07C8D1F81C0CB10C004949F6 /* gymnoteUITests.m in Sources */ = {isa = PBXBuildFile; fileRef = 07C8D1F71C0CB10C004949F6 /* gymnoteUITests.m */; };
		07DFA6711C19DB2C006A973C /* libWeChatSDK.a in Frameworks */ = {isa = PBXBuildFile; fileRef = 07DFA66E1C19DB2C006A973C /* libWeChatSDK.a */; };
/* End PBXBuildFile section */

/* Begin PBXContainerItemProxy section */
		07C8D1E91C0CB10C004949F6 /* PBXContainerItemProxy */ = {
			isa = PBXContainerItemProxy;
			containerPortal = 07C8D1C71C0CB10C004949F6 /* Project object */;
			proxyType = 1;
			remoteGlobalIDString = 07C8D1CE1C0CB10C004949F6;
			remoteInfo = gymnote;
		};
		07C8D1F41C0CB10C004949F6 /* PBXContainerItemProxy */ = {
			isa = PBXContainerItemProxy;
			containerPortal = 07C8D1C71C0CB10C004949F6 /* Project object */;
			proxyType = 1;
			remoteGlobalIDString = 07C8D1CE1C0CB10C004949F6;
			remoteInfo = gymnote;
		};
/* End PBXContainerItemProxy section */

/* Begin PBXFileReference section */
		0791D85B1C1CB7C400E52B7B /* SystemConfiguration.framework */ = {isa = PBXFileReference; lastKnownFileType = wrapper.framework; name = SystemConfiguration.framework; path = System/Library/Frameworks/SystemConfiguration.framework; sourceTree = SDKROOT; };
		0791D85D1C1CB7E300E52B7B /* libsqlite3.0.tbd */ = {isa = PBXFileReference; lastKnownFileType = "sourcecode.text-based-dylib-definition"; name = libsqlite3.0.tbd; path = usr/lib/libsqlite3.0.tbd; sourceTree = SDKROOT; };
		0791D85F1C1CB7F000E52B7B /* libz.tbd */ = {isa = PBXFileReference; lastKnownFileType = "sourcecode.text-based-dylib-definition"; name = libz.tbd; path = usr/lib/libz.tbd; sourceTree = SDKROOT; };
		0791D8611C1CB8AF00E52B7B /* libc++.tbd */ = {isa = PBXFileReference; lastKnownFileType = "sourcecode.text-based-dylib-definition"; name = "libc++.tbd"; path = "usr/lib/libc++.tbd"; sourceTree = SDKROOT; };
		0791D8631C1CB8F700E52B7B /* CoreTelephony.framework */ = {isa = PBXFileReference; lastKnownFileType = wrapper.framework; name = CoreTelephony.framework; path = System/Library/Frameworks/CoreTelephony.framework; sourceTree = SDKROOT; };
		0791D8651C1CB98B00E52B7B /* main.m */ = {isa = PBXFileReference; fileEncoding = 4; lastKnownFileType = sourcecode.c.objc; path = main.m; sourceTree = "<group>"; };
		07C8D1CF1C0CB10C004949F6 /* gymnote.app */ = {isa = PBXFileReference; explicitFileType = wrapper.application; includeInIndex = 0; path = gymnote.app; sourceTree = BUILT_PRODUCTS_DIR; };
		07C8D1D51C0CB10C004949F6 /* AppDelegate.h */ = {isa = PBXFileReference; lastKnownFileType = sourcecode.c.h; path = AppDelegate.h; sourceTree = "<group>"; };
		07C8D1D61C0CB10C004949F6 /* AppDelegate.m */ = {isa = PBXFileReference; lastKnownFileType = sourcecode.c.objc; path = AppDelegate.m; sourceTree = "<group>"; };
		07C8D1D81C0CB10C004949F6 /* ViewController.h */ = {isa = PBXFileReference; lastKnownFileType = sourcecode.c.h; path = ViewController.h; sourceTree = "<group>"; };
		07C8D1D91C0CB10C004949F6 /* ViewController.m */ = {isa = PBXFileReference; lastKnownFileType = sourcecode.c.objc; path = ViewController.m; sourceTree = "<group>"; };
		07C8D1DC1C0CB10C004949F6 /* Base */ = {isa = PBXFileReference; lastKnownFileType = file.storyboard; name = Base; path = Base.lproj/Main.storyboard; sourceTree = "<group>"; };
		07C8D1DE1C0CB10C004949F6 /* Assets.xcassets */ = {isa = PBXFileReference; lastKnownFileType = folder.assetcatalog; path = Assets.xcassets; sourceTree = "<group>"; };
		07C8D1E11C0CB10C004949F6 /* Base */ = {isa = PBXFileReference; lastKnownFileType = file.storyboard; name = Base; path = Base.lproj/LaunchScreen.storyboard; sourceTree = "<group>"; };
		07C8D1E31C0CB10C004949F6 /* Info.plist */ = {isa = PBXFileReference; lastKnownFileType = text.plist.xml; path = Info.plist; sourceTree = "<group>"; };
		07C8D1E81C0CB10C004949F6 /* gymnoteTests.xctest */ = {isa = PBXFileReference; explicitFileType = wrapper.cfbundle; includeInIndex = 0; path = gymnoteTests.xctest; sourceTree = BUILT_PRODUCTS_DIR; };
		07C8D1EC1C0CB10C004949F6 /* gymnoteTests.m */ = {isa = PBXFileReference; lastKnownFileType = sourcecode.c.objc; path = gymnoteTests.m; sourceTree = "<group>"; };
		07C8D1EE1C0CB10C004949F6 /* Info.plist */ = {isa = PBXFileReference; lastKnownFileType = text.plist.xml; path = Info.plist; sourceTree = "<group>"; };
		07C8D1F31C0CB10C004949F6 /* gymnoteUITests.xctest */ = {isa = PBXFileReference; explicitFileType = wrapper.cfbundle; includeInIndex = 0; path = gymnoteUITests.xctest; sourceTree = BUILT_PRODUCTS_DIR; };
		07C8D1F71C0CB10C004949F6 /* gymnoteUITests.m */ = {isa = PBXFileReference; lastKnownFileType = sourcecode.c.objc; path = gymnoteUITests.m; sourceTree = "<group>"; };
		07C8D1F91C0CB10C004949F6 /* Info.plist */ = {isa = PBXFileReference; lastKnownFileType = text.plist.xml; path = Info.plist; sourceTree = "<group>"; };
		07DFA66E1C19DB2C006A973C /* libWeChatSDK.a */ = {isa = PBXFileReference; lastKnownFileType = archive.ar; path = libWeChatSDK.a; sourceTree = "<group>"; };
		07DFA66F1C19DB2C006A973C /* WXApi.h */ = {isa = PBXFileReference; fileEncoding = 4; lastKnownFileType = sourcecode.c.h; path = WXApi.h; sourceTree = "<group>"; };
		07DFA6701C19DB2C006A973C /* WXApiObject.h */ = {isa = PBXFileReference; fileEncoding = 4; lastKnownFileType = sourcecode.c.h; path = WXApiObject.h; sourceTree = "<group>"; };
/* End PBXFileReference section */

/* Begin PBXFrameworksBuildPhase section */
		07C8D1CC1C0CB10C004949F6 /* Frameworks */ = {
			isa = PBXFrameworksBuildPhase;
			buildActionMask = 2147483647;
			files = (
				0791D8641C1CB8F700E52B7B /* CoreTelephony.framework in Frameworks */,
				0791D8621C1CB8AF00E52B7B /* libc++.tbd in Frameworks */,
				0791D8601C1CB7F000E52B7B /* libz.tbd in Frameworks */,
				0791D85E1C1CB7E300E52B7B /* libsqlite3.0.tbd in Frameworks */,
				0791D85C1C1CB7C400E52B7B /* SystemConfiguration.framework in Frameworks */,
				07DFA6711C19DB2C006A973C /* libWeChatSDK.a in Frameworks */,
			);
			runOnlyForDeploymentPostprocessing = 0;
		};
		07C8D1E51C0CB10C004949F6 /* Frameworks */ = {
			isa = PBXFrameworksBuildPhase;
			buildActionMask = 2147483647;
			files = (
			);
			runOnlyForDeploymentPostprocessing = 0;
		};
		07C8D1F01C0CB10C004949F6 /* Frameworks */ = {
			isa = PBXFrameworksBuildPhase;
			buildActionMask = 2147483647;
			files = (
			);
			runOnlyForDeploymentPostprocessing = 0;
		};
/* End PBXFrameworksBuildPhase section */

/* Begin PBXGroup section */
		07C8D1C61C0CB10C004949F6 = {
			isa = PBXGroup;
			children = (
				0791D8631C1CB8F700E52B7B /* CoreTelephony.framework */,
				0791D8611C1CB8AF00E52B7B /* libc++.tbd */,
				0791D85F1C1CB7F000E52B7B /* libz.tbd */,
				0791D85D1C1CB7E300E52B7B /* libsqlite3.0.tbd */,
				0791D85B1C1CB7C400E52B7B /* SystemConfiguration.framework */,
				07C8D1D11C0CB10C004949F6 /* gymnote */,
				07C8D1EB1C0CB10C004949F6 /* gymnoteTests */,
				07C8D1F61C0CB10C004949F6 /* gymnoteUITests */,
				07C8D1D01C0CB10C004949F6 /* Products */,
			);
			sourceTree = "<group>";
		};
		07C8D1D01C0CB10C004949F6 /* Products */ = {
			isa = PBXGroup;
			children = (
				07C8D1CF1C0CB10C004949F6 /* gymnote.app */,
				07C8D1E81C0CB10C004949F6 /* gymnoteTests.xctest */,
				07C8D1F31C0CB10C004949F6 /* gymnoteUITests.xctest */,
			);
			name = Products;
			sourceTree = "<group>";
		};
		07C8D1D11C0CB10C004949F6 /* gymnote */ = {
			isa = PBXGroup;
			children = (
				07C8D1D51C0CB10C004949F6 /* AppDelegate.h */,
				07C8D1D61C0CB10C004949F6 /* AppDelegate.m */,
				07C8D1D81C0CB10C004949F6 /* ViewController.h */,
				07C8D1D91C0CB10C004949F6 /* ViewController.m */,
				07C8D1DB1C0CB10C004949F6 /* Main.storyboard */,
				07C8D1DE1C0CB10C004949F6 /* Assets.xcassets */,
				07C8D1E01C0CB10C004949F6 /* LaunchScreen.storyboard */,
				07C8D1E31C0CB10C004949F6 /* Info.plist */,
				07DFA66E1C19DB2C006A973C /* libWeChatSDK.a */,
				07DFA66F1C19DB2C006A973C /* WXApi.h */,
				07DFA6701C19DB2C006A973C /* WXApiObject.h */,
				07C8D1D21C0CB10C004949F6 /* Supporting Files */,
			);
			path = gymnote;
			sourceTree = "<group>";
		};
		07C8D1D21C0CB10C004949F6 /* Supporting Files */ = {
			isa = PBXGroup;
			children = (
				0791D8651C1CB98B00E52B7B /* main.m */,
			);
			name = "Supporting Files";
			sourceTree = "<group>";
		};
		07C8D1EB1C0CB10C004949F6 /* gymnoteTests */ = {
			isa = PBXGroup;
			children = (
				07C8D1EC1C0CB10C004949F6 /* gymnoteTests.m */,
				07C8D1EE1C0CB10C004949F6 /* Info.plist */,
			);
			path = gymnoteTests;
			sourceTree = "<group>";
		};
		07C8D1F61C0CB10C004949F6 /* gymnoteUITests */ = {
			isa = PBXGroup;
			children = (
				07C8D1F71C0CB10C004949F6 /* gymnoteUITests.m */,
				07C8D1F91C0CB10C004949F6 /* Info.plist */,
			);
			path = gymnoteUITests;
			sourceTree = "<group>";
		};
/* End PBXGroup section */

/* Begin PBXNativeTarget section */
		07C8D1CE1C0CB10C004949F6 /* gymnote */ = {
			isa = PBXNativeTarget;
			buildConfigurationList = 07C8D1FC1C0CB10C004949F6 /* Build configuration list for PBXNativeTarget "gymnote" */;
			buildPhases = (
				07C8D1CB1C0CB10C004949F6 /* Sources */,
				07C8D1CC1C0CB10C004949F6 /* Frameworks */,
				07C8D1CD1C0CB10C004949F6 /* Resources */,
			);
			buildRules = (
			);
			dependencies = (
			);
			name = gymnote;
			productName = gymnote;
			productReference = 07C8D1CF1C0CB10C004949F6 /* gymnote.app */;
			productType = "com.apple.product-type.application";
		};
		07C8D1E71C0CB10C004949F6 /* gymnoteTests */ = {
			isa = PBXNativeTarget;
			buildConfigurationList = 07C8D1FF1C0CB10C004949F6 /* Build configuration list for PBXNativeTarget "gymnoteTests" */;
			buildPhases = (
				07C8D1E41C0CB10C004949F6 /* Sources */,
				07C8D1E51C0CB10C004949F6 /* Frameworks */,
				07C8D1E61C0CB10C004949F6 /* Resources */,
			);
			buildRules = (
			);
			dependencies = (
				07C8D1EA1C0CB10C004949F6 /* PBXTargetDependency */,
			);
			name = gymnoteTests;
			productName = gymnoteTests;
			productReference = 07C8D1E81C0CB10C004949F6 /* gymnoteTests.xctest */;
			productType = "com.apple.product-type.bundle.unit-test";
		};
		07C8D1F21C0CB10C004949F6 /* gymnoteUITests */ = {
			isa = PBXNativeTarget;
			buildConfigurationList = 07C8D2021C0CB10C004949F6 /* Build configuration list for PBXNativeTarget "gymnoteUITests" */;
			buildPhases = (
				07C8D1EF1C0CB10C004949F6 /* Sources */,
				07C8D1F01C0CB10C004949F6 /* Frameworks */,
				07C8D1F11C0CB10C004949F6 /* Resources */,
			);
			buildRules = (
			);
			dependencies = (
				07C8D1F51C0CB10C004949F6 /* PBXTargetDependency */,
			);
			name = gymnoteUITests;
			productName = gymnoteUITests;
			productReference = 07C8D1F31C0CB10C004949F6 /* gymnoteUITests.xctest */;
			productType = "com.apple.product-type.bundle.ui-testing";
		};
/* End PBXNativeTarget section */

/* Begin PBXProject section */
		07C8D1C71C0CB10C004949F6 /* Project object */ = {
			isa = PBXProject;
			attributes = {
				LastUpgradeCheck = 0710;
				ORGANIZATIONNAME = Eric;
				TargetAttributes = {
					07C8D1CE1C0CB10C004949F6 = {
						CreatedOnToolsVersion = 7.1.1;
					};
					07C8D1E71C0CB10C004949F6 = {
						CreatedOnToolsVersion = 7.1.1;
						TestTargetID = 07C8D1CE1C0CB10C004949F6;
					};
					07C8D1F21C0CB10C004949F6 = {
						CreatedOnToolsVersion = 7.1.1;
						TestTargetID = 07C8D1CE1C0CB10C004949F6;
					};
				};
			};
			buildConfigurationList = 07C8D1CA1C0CB10C004949F6 /* Build configuration list for PBXProject "gymnote" */;
			compatibilityVersion = "Xcode 3.2";
			developmentRegion = English;
			hasScannedForEncodings = 0;
			knownRegions = (
				en,
				Base,
			);
			mainGroup = 07C8D1C61C0CB10C004949F6;
			productRefGroup = 07C8D1D01C0CB10C004949F6 /* Products */;
			projectDirPath = "";
			projectRoot = "";
			targets = (
				07C8D1CE1C0CB10C004949F6 /* gymnote */,
				07C8D1E71C0CB10C004949F6 /* gymnoteTests */,
				07C8D1F21C0CB10C004949F6 /* gymnoteUITests */,
			);
		};
/* End PBXProject section */

/* Begin PBXResourcesBuildPhase section */
		07C8D1CD1C0CB10C004949F6 /* Resources */ = {
			isa = PBXResourcesBuildPhase;
			buildActionMask = 2147483647;
			files = (
				07C8D1E21C0CB10C004949F6 /* LaunchScreen.storyboard in Resources */,
				07C8D1DF1C0CB10C004949F6 /* Assets.xcassets in Resources */,
				07C8D1DD1C0CB10C004949F6 /* Main.storyboard in Resources */,
			);
			runOnlyForDeploymentPostprocessing = 0;
		};
		07C8D1E61C0CB10C004949F6 /* Resources */ = {
			isa = PBXResourcesBuildPhase;
			buildActionMask = 2147483647;
			files = (
			);
			runOnlyForDeploymentPostprocessing = 0;
		};
		07C8D1F11C0CB10C004949F6 /* Resources */ = {
			isa = PBXResourcesBuildPhase;
			buildActionMask = 2147483647;
			files = (
			);
			runOnlyForDeploymentPostprocessing = 0;
		};
/* End PBXResourcesBuildPhase section */

/* Begin PBXSourcesBuildPhase section */
		07C8D1CB1C0CB10C004949F6 /* Sources */ = {
			isa = PBXSourcesBuildPhase;
			buildActionMask = 2147483647;
			files = (
				07C8D1DA1C0CB10C004949F6 /* ViewController.m in Sources */,
				0791D8661C1CB98B00E52B7B /* main.m in Sources */,
				07C8D1D71C0CB10C004949F6 /* AppDelegate.m in Sources */,
			);
			runOnlyForDeploymentPostprocessing = 0;
		};
		07C8D1E41C0CB10C004949F6 /* Sources */ = {
			isa = PBXSourcesBuildPhase;
			buildActionMask = 2147483647;
			files = (
				07C8D1ED1C0CB10C004949F6 /* gymnoteTests.m in Sources */,
			);
			runOnlyForDeploymentPostprocessing = 0;
		};
		07C8D1EF1C0CB10C004949F6 /* Sources */ = {
			isa = PBXSourcesBuildPhase;
			buildActionMask = 2147483647;
			files = (
				07C8D1F81C0CB10C004949F6 /* gymnoteUITests.m in Sources */,
			);
			runOnlyForDeploymentPostprocessing = 0;
		};
/* End PBXSourcesBuildPhase section */

/* Begin PBXTargetDependency section */
		07C8D1EA1C0CB10C004949F6 /* PBXTargetDependency */ = {
			isa = PBXTargetDependency;
			target = 07C8D1CE1C0CB10C004949F6 /* gymnote */;
			targetProxy = 07C8D1E91C0CB10C004949F6 /* PBXContainerItemProxy */;
		};
		07C8D1F51C0CB10C004949F6 /* PBXTargetDependency */ = {
			isa = PBXTargetDependency;
			target = 07C8D1CE1C0CB10C004949F6 /* gymnote */;
			targetProxy = 07C8D1F41C0CB10C004949F6 /* PBXContainerItemProxy */;
		};
/* End PBXTargetDependency section */

/* Begin PBXVariantGroup section */
		07C8D1DB1C0CB10C004949F6 /* Main.storyboard */ = {
			isa = PBXVariantGroup;
			children = (
				07C8D1DC1C0CB10C004949F6 /* Base */,
			);
			name = Main.storyboard;
			sourceTree = "<group>";
		};
		07C8D1E01C0CB10C004949F6 /* LaunchScreen.storyboard */ = {
			isa = PBXVariantGroup;
			children = (
				07C8D1E11C0CB10C004949F6 /* Base */,
			);
			name = LaunchScreen.storyboard;
			sourceTree = "<group>";
		};
/* End PBXVariantGroup section */

/* Begin XCBuildConfiguration section */
		07C8D1FA1C0CB10C004949F6 /* Debug */ = {
			isa = XCBuildConfiguration;
			buildSettings = {
				ALWAYS_SEARCH_USER_PATHS = NO;
				CLANG_CXX_LANGUAGE_STANDARD = "gnu++0x";
				CLANG_CXX_LIBRARY = "libc++";
				CLANG_ENABLE_MODULES = YES;
				CLANG_ENABLE_OBJC_ARC = YES;
				CLANG_WARN_BOOL_CONVERSION = YES;
				CLANG_WARN_CONSTANT_CONVERSION = YES;
				CLANG_WARN_DIRECT_OBJC_ISA_USAGE = YES_ERROR;
				CLANG_WARN_EMPTY_BODY = YES;
				CLANG_WARN_ENUM_CONVERSION = YES;
				CLANG_WARN_INT_CONVERSION = YES;
				CLANG_WARN_OBJC_ROOT_CLASS = YES_ERROR;
				CLANG_WARN_UNREACHABLE_CODE = YES;
				CLANG_WARN__DUPLICATE_METHOD_MATCH = YES;
				"CODE_SIGN_IDENTITY[sdk=iphoneos*]" = "iPhone Developer";
				COPY_PHASE_STRIP = NO;
				DEBUG_INFORMATION_FORMAT = dwarf;
				ENABLE_STRICT_OBJC_MSGSEND = YES;
				ENABLE_TESTABILITY = YES;
				GCC_C_LANGUAGE_STANDARD = gnu99;
				GCC_DYNAMIC_NO_PIC = NO;
				GCC_NO_COMMON_BLOCKS = YES;
				GCC_OPTIMIZATION_LEVEL = 0;
				GCC_PREPROCESSOR_DEFINITIONS = (
					"DEBUG=1",
					"$(inherited)",
				);
				GCC_WARN_64_TO_32_BIT_CONVERSION = YES;
				GCC_WARN_ABOUT_RETURN_TYPE = YES_ERROR;
				GCC_WARN_UNDECLARED_SELECTOR = YES;
				GCC_WARN_UNINITIALIZED_AUTOS = YES_AGGRESSIVE;
				GCC_WARN_UNUSED_FUNCTION = YES;
				GCC_WARN_UNUSED_VARIABLE = YES;
				IPHONEOS_DEPLOYMENT_TARGET = 9.1;
				MTL_ENABLE_DEBUG_INFO = YES;
				ONLY_ACTIVE_ARCH = YES;
				SDKROOT = iphoneos;
			};
			name = Debug;
		};
		07C8D1FB1C0CB10C004949F6 /* Release */ = {
			isa = XCBuildConfiguration;
			buildSettings = {
				ALWAYS_SEARCH_USER_PATHS = NO;
				CLANG_CXX_LANGUAGE_STANDARD = "gnu++0x";
				CLANG_CXX_LIBRARY = "libc++";
				CLANG_ENABLE_MODULES = YES;
				CLANG_ENABLE_OBJC_ARC = YES;
				CLANG_WARN_BOOL_CONVERSION = YES;
				CLANG_WARN_CONSTANT_CONVERSION = YES;
				CLANG_WARN_DIRECT_OBJC_ISA_USAGE = YES_ERROR;
				CLANG_WARN_EMPTY_BODY = YES;
				CLANG_WARN_ENUM_CONVERSION = YES;
				CLANG_WARN_INT_CONVERSION = YES;
				CLANG_WARN_OBJC_ROOT_CLASS = YES_ERROR;
				CLANG_WARN_UNREACHABLE_CODE = YES;
				CLANG_WARN__DUPLICATE_METHOD_MATCH = YES;
				"CODE_SIGN_IDENTITY[sdk=iphoneos*]" = "iPhone Developer";
				COPY_PHASE_STRIP = NO;
				DEBUG_INFORMATION_FORMAT = "dwarf-with-dsym";
				ENABLE_NS_ASSERTIONS = NO;
				ENABLE_STRICT_OBJC_MSGSEND = YES;
				GCC_C_LANGUAGE_STANDARD = gnu99;
				GCC_NO_COMMON_BLOCKS = YES;
				GCC_WARN_64_TO_32_BIT_CONVERSION = YES;
				GCC_WARN_ABOUT_RETURN_TYPE = YES_ERROR;
				GCC_WARN_UNDECLARED_SELECTOR = YES;
				GCC_WARN_UNINITIALIZED_AUTOS = YES_AGGRESSIVE;
				GCC_WARN_UNUSED_FUNCTION = YES;
				GCC_WARN_UNUSED_VARIABLE = YES;
				IPHONEOS_DEPLOYMENT_TARGET = 9.1;
				MTL_ENABLE_DEBUG_INFO = NO;
				SDKROOT = iphoneos;
				VALIDATE_PRODUCT = YES;
			};
			name = Release;
		};
		07C8D1FD1C0CB10C004949F6 /* Debug */ = {
			isa = XCBuildConfiguration;
			buildSettings = {
				ASSETCATALOG_COMPILER_APPICON_NAME = AppIcon;
				INFOPLIST_FILE = gymnote/Info.plist;
				LD_RUNPATH_SEARCH_PATHS = "$(inherited) @executable_path/Frameworks";
				LIBRARY_SEARCH_PATHS = (
					"$(inherited)",
					"$(PROJECT_DIR)/gymnote",
				);
				PRODUCT_BUNDLE_IDENTIFIER = osu.gymnote;
				PRODUCT_NAME = "$(TARGET_NAME)";
			};
			name = Debug;
		};
		07C8D1FE1C0CB10C004949F6 /* Release */ = {
			isa = XCBuildConfiguration;
			buildSettings = {
				ASSETCATALOG_COMPILER_APPICON_NAME = AppIcon;
				INFOPLIST_FILE = gymnote/Info.plist;
				LD_RUNPATH_SEARCH_PATHS = "$(inherited) @executable_path/Frameworks";
				LIBRARY_SEARCH_PATHS = (
					"$(inherited)",
					"$(PROJECT_DIR)/gymnote",
				);
				PRODUCT_BUNDLE_IDENTIFIER = osu.gymnote;
				PRODUCT_NAME = "$(TARGET_NAME)";
			};
			name = Release;
		};
		07C8D2001C0CB10C004949F6 /* Debug */ = {
			isa = XCBuildConfiguration;
			buildSettings = {
				BUNDLE_LOADER = "$(TEST_HOST)";
				INFOPLIST_FILE = gymnoteTests/Info.plist;
				LD_RUNPATH_SEARCH_PATHS = "$(inherited) @executable_path/Frameworks @loader_path/Frameworks";
				PRODUCT_BUNDLE_IDENTIFIER = osu.gymnoteTests;
				PRODUCT_NAME = "$(TARGET_NAME)";
				TEST_HOST = "$(BUILT_PRODUCTS_DIR)/gymnote.app/gymnote";
			};
			name = Debug;
		};
		07C8D2011C0CB10C004949F6 /* Release */ = {
			isa = XCBuildConfiguration;
			buildSettings = {
				BUNDLE_LOADER = "$(TEST_HOST)";
				INFOPLIST_FILE = gymnoteTests/Info.plist;
				LD_RUNPATH_SEARCH_PATHS = "$(inherited) @executable_path/Frameworks @loader_path/Frameworks";
				PRODUCT_BUNDLE_IDENTIFIER = osu.gymnoteTests;
				PRODUCT_NAME = "$(TARGET_NAME)";
				TEST_HOST = "$(BUILT_PRODUCTS_DIR)/gymnote.app/gymnote";
			};
			name = Release;
		};
		07C8D2031C0CB10C004949F6 /* Debug */ = {
			isa = XCBuildConfiguration;
			buildSettings = {
				INFOPLIST_FILE = gymnoteUITests/Info.plist;
				LD_RUNPATH_SEARCH_PATHS = "$(inherited) @executable_path/Frameworks @loader_path/Frameworks";
				PRODUCT_BUNDLE_IDENTIFIER = osu.gymnoteUITests;
				PRODUCT_NAME = "$(TARGET_NAME)";
				TEST_TARGET_NAME = gymnote;
				USES_XCTRUNNER = YES;
			};
			name = Debug;
		};
		07C8D2041C0CB10C004949F6 /* Release */ = {
			isa = XCBuildConfiguration;
			buildSettings = {
				INFOPLIST_FILE = gymnoteUITests/Info.plist;
				LD_RUNPATH_SEARCH_PATHS = "$(inherited) @executable_path/Frameworks @loader_path/Frameworks";
				PRODUCT_BUNDLE_IDENTIFIER = osu.gymnoteUITests;
				PRODUCT_NAME = "$(TARGET_NAME)";
				TEST_TARGET_NAME = gymnote;
				USES_XCTRUNNER = YES;
			};
			name = Release;
		};
/* End XCBuildConfiguration section */

/* Begin XCConfigurationList section */
		07C8D1CA1C0CB10C004949F6 /* Build configuration list for PBXProject "gymnote" */ = {
			isa = XCConfigurationList;
			buildConfigurations = (
				07C8D1FA1C0CB10C004949F6 /* Debug */,
				07C8D1FB1C0CB10C004949F6 /* Release */,
			);
			defaultConfigurationIsVisible = 0;
			defaultConfigurationName = Release;
		};
		07C8D1FC1C0CB10C004949F6 /* Build configuration list for PBXNativeTarget "gymnote" */ = {
			isa = XCConfigurationList;
			buildConfigurations = (
				07C8D1FD1C0CB10C004949F6 /* Debug */,
				07C8D1FE1C0CB10C004949F6 /* Release */,
			);
			defaultConfigurationIsVisible = 0;
			defaultConfigurationName = Release;
		};
		07C8D1FF1C0CB10C004949F6 /* Build configuration list for PBXNativeTarget "gymnoteTests" */ = {
			isa = XCConfigurationList;
			buildConfigurations = (
				07C8D2001C0CB10C004949F6 /* Debug */,
				07C8D2011C0CB10C004949F6 /* Release */,
			);
			defaultConfigurationIsVisible = 0;
			defaultConfigurationName = Release;
		};
		07C8D2021C0CB10C004949F6 /* Build configuration list for PBXNativeTarget "gymnoteUITests" */ = {
			isa = XCConfigurationList;
			buildConfigurations = (
				07C8D2031C0CB10C004949F6 /* Debug */,
				07C8D2041C0CB10C004949F6 /* Release */,
			);
			defaultConfigurationIsVisible = 0;
			defaultConfigurationName = Release;
		};
/* End XCConfigurationList section */
	};
	rootObject = 07C8D1C71C0CB10C004949F6 /* Project object */;
}
